
Microsoft Visual Studio Solution File, Format Version 12.00
# Visual Studio Version 17
VisualStudioVersion = 17.4.33403.182
MinimumVisualStudioVersion = 10.0.40219.1
Project("{9A19103F-16F7-4668-BE54-9A1E7A4F7556}") = "01. Sort Numbers", "01. Sort Numbers\01. Sort Numbers.csproj", "{DFF37A1B-CAE6-4D10-8A0A-C586D3EAE33D}"
EndProject
Project("{FAE04EC0-301F-11D3-BF4B-00C04F79EFBC}") = "02. English", "02. English\02. English.csproj", "{F909A9FE-17C4-415C-8095-7147E6240785}"
EndProject
Project("{FAE04EC0-301F-11D3-BF4B-00C04F79EFBC}") = "03. GamingS", "03. GamingS\03. GamingS.csproj", "{0B50110D-6A6B-4E81-82BA-DC4F272390B4}"
EndProject
Project("{FAE04EC0-301F-11D3-BF4B-00C04F79EFBC}") = "04. Reverse", "04. Reverse\04. Reverse.csproj", "{AA124EE8-7AB4-42D4-A1FF-73AF83CDBFB1}"
EndProject
Project("{FAE04EC0-301F-11D3-BF4B-00C04F79EFBC}") = "05. Message", "05. Message\05. Message.csproj", "{97CE6F4D-6A1E-4CD5-8B07-61BC8100E42A}"
EndProject
Global
	GlobalSection(SolutionConfigurationPlatforms) = preSolution
		Debug|Any CPU = Debug|Any CPU
		Release|Any CPU = Release|Any CPU
	EndGlobalSection
	GlobalSection(ProjectConfigurationPlatforms) = postSolution
		{DFF37A1B-CAE6-4D10-8A0A-C586D3EAE33D}.Debug|Any CPU.ActiveCfg = Debug|Any CPU
		{DFF37A1B-CAE6-4D10-8A0A-C586D3EAE33D}.Debug|Any CPU.Build.0 = Debug|Any CPU
		{DFF37A1B-CAE6-4D10-8A0A-C586D3EAE33D}.Release|Any CPU.ActiveCfg = Release|Any CPU
		{DFF37A1B-CAE6-4D10-8A0A-C586D3EAE33D}.Release|Any CPU.Build.0 = Release|Any CPU
		{F909A9FE-17C4-415C-8095-7147E6240785}.Debug|Any CPU.ActiveCfg = Debug|Any CPU
		{F909A9FE-17C4-415C-8095-7147E6240785}.Debug|Any CPU.Build.0 = Debug|Any CPU
		{F909A9FE-17C4-415C-8095-7147E6240785}.Release|Any CPU.ActiveCfg = Release|Any CPU
		{F909A9FE-17C4-415C-8095-7147E6240785}.Release|Any CPU.Build.0 = Release|Any CPU
		{0B50110D-6A6B-4E81-82BA-DC4F272390B4}.Debug|Any CPU.ActiveCfg = Debug|Any CPU
		{0B50110D-6A6B-4E81-82BA-DC4F272390B4}.Debug|Any CPU.Build.0 = Debug|Any CPU
		{0B50110D-6A6B-4E81-82BA-DC4F272390B4}.Release|Any CPU.ActiveCfg = Release|Any CPU
		{0B50110D-6A6B-4E81-82BA-DC4F272390B4}.Release|Any CPU.Build.0 = Release|Any CPU
		{AA124EE8-7AB4-42D4-A1FF-73AF83CDBFB1}.Debug|Any CPU.ActiveCfg = Debug|Any CPU
		{AA124EE8-7AB4-42D4-A1FF-73AF83CDBFB1}.Debug|Any CPU.Build.0 = Debug|Any CPU
		{AA124EE8-7AB4-42D4-A1FF-73AF83CDBFB1}.Release|Any CPU.ActiveCfg = Release|Any CPU
		{AA124EE8-7AB4-42D4-A1FF-73AF83CDBFB1}.Release|Any CPU.Build.0 = Release|Any CPU
		{97CE6F4D-6A1E-4CD5-8B07-61BC8100E42A}.Debug|Any CPU.ActiveCfg = Debug|Any CPU
		{97CE6F4D-6A1E-4CD5-8B07-61BC8100E42A}.Debug|Any CPU.Build.0 = Debug|Any CPU
		{97CE6F4D-6A1E-4CD5-8B07-61BC8100E42A}.Release|Any CPU.ActiveCfg = Release|Any CPU
		{97CE6F4D-6A1E-4CD5-8B07-61BC8100E42A}.Release|Any CPU.Build.0 = Release|Any CPU
	EndGlobalSection
	GlobalSection(SolutionProperties) = preSolution
		HideSolutionNode = FALSE
	EndGlobalSection
	GlobalSection(ExtensibilityGlobals) = postSolution
		SolutionGuid = {000BBB38-30F5-4F46-8F3F-624FF5A5F7F0}
	EndGlobalSection
EndGlobal
