
Microsoft Visual Studio Solution File, Format Version 12.00
# Visual Studio Version 17
VisualStudioVersion = 17.3.32901.215
MinimumVisualStudioVersion = 10.0.40219.1
Project("{9A19103F-16F7-4668-BE54-9A1E7A4F7556}") = "01. Hello SoftUni", "01. Hello SoftUni\01. Hello SoftUni.csproj", "{DCC9D1EF-6BE8-44C0-9BCF-5934EB5853EC}"
EndProject
Project("{9A19103F-16F7-4668-BE54-9A1E7A4F7556}") = "02. Nums 1 to 10", "02. Nums 1 to 10\02. Nums 1 to 10.csproj", "{F6BE185C-EEA4-4EE3-9130-CFB187856028}"
EndProject
Project("{FAE04EC0-301F-11D3-BF4B-00C04F79EFBC}") = "03. Rectangle Area", "03. Rectangle Area\03. Rectangle Area.csproj", "{2FC22B3D-9937-4613-B6CF-5BA83F0F8ED5}"
EndProject
Project("{FAE04EC0-301F-11D3-BF4B-00C04F79EFBC}") = "04. Inches to Centimeters", "04. Inches to Centimeters\04. Inches to Centimeters.csproj", "{3D019F77-BA8C-409B-92F6-77C15F301DE0}"
EndProject
Project("{FAE04EC0-301F-11D3-BF4B-00C04F79EFBC}") = "05. Greeting by Name", "05. Greeting by Name\05. Greeting by Name.csproj", "{52B9A692-CA31-4741-B625-38AFB0120F29}"
EndProject
Project("{FAE04EC0-301F-11D3-BF4B-00C04F79EFBC}") = "06. Concatenate Data", "06. Concatenate Data\06. Concatenate Data.csproj", "{DF1AFBAF-11E6-40F0-96D5-A1CBF238810D}"
EndProject
Project("{FAE04EC0-301F-11D3-BF4B-00C04F79EFBC}") = "07. Projects Creation", "07. Projects Creation\07. Projects Creation.csproj", "{65B35640-1732-4A08-ACDF-1475F5C049F8}"
EndProject
Project("{FAE04EC0-301F-11D3-BF4B-00C04F79EFBC}") = "08. Pet Shop", "08. Pet Shop\08. Pet Shop.csproj", "{61D05534-3934-4E90-91E7-6C4040290CBD}"
EndProject
Project("{FAE04EC0-301F-11D3-BF4B-00C04F79EFBC}") = "09. Yard Greening", "09. Yard Greening\09. Yard Greening.csproj", "{9C1E003A-29DE-41B8-9F4E-70C6A791666B}"
EndProject
Global
	GlobalSection(SolutionConfigurationPlatforms) = preSolution
		Debug|Any CPU = Debug|Any CPU
		Release|Any CPU = Release|Any CPU
	EndGlobalSection
	GlobalSection(ProjectConfigurationPlatforms) = postSolution
		{DCC9D1EF-6BE8-44C0-9BCF-5934EB5853EC}.Debug|Any CPU.ActiveCfg = Debug|Any CPU
		{DCC9D1EF-6BE8-44C0-9BCF-5934EB5853EC}.Debug|Any CPU.Build.0 = Debug|Any CPU
		{DCC9D1EF-6BE8-44C0-9BCF-5934EB5853EC}.Release|Any CPU.ActiveCfg = Release|Any CPU
		{DCC9D1EF-6BE8-44C0-9BCF-5934EB5853EC}.Release|Any CPU.Build.0 = Release|Any CPU
		{F6BE185C-EEA4-4EE3-9130-CFB187856028}.Debug|Any CPU.ActiveCfg = Debug|Any CPU
		{F6BE185C-EEA4-4EE3-9130-CFB187856028}.Debug|Any CPU.Build.0 = Debug|Any CPU
		{F6BE185C-EEA4-4EE3-9130-CFB187856028}.Release|Any CPU.ActiveCfg = Release|Any CPU
		{F6BE185C-EEA4-4EE3-9130-CFB187856028}.Release|Any CPU.Build.0 = Release|Any CPU
		{2FC22B3D-9937-4613-B6CF-5BA83F0F8ED5}.Debug|Any CPU.ActiveCfg = Debug|Any CPU
		{2FC22B3D-9937-4613-B6CF-5BA83F0F8ED5}.Debug|Any CPU.Build.0 = Debug|Any CPU
		{2FC22B3D-9937-4613-B6CF-5BA83F0F8ED5}.Release|Any CPU.ActiveCfg = Release|Any CPU
		{2FC22B3D-9937-4613-B6CF-5BA83F0F8ED5}.Release|Any CPU.Build.0 = Release|Any CPU
		{3D019F77-BA8C-409B-92F6-77C15F301DE0}.Debug|Any CPU.ActiveCfg = Debug|Any CPU
		{3D019F77-BA8C-409B-92F6-77C15F301DE0}.Debug|Any CPU.Build.0 = Debug|Any CPU
		{3D019F77-BA8C-409B-92F6-77C15F301DE0}.Release|Any CPU.ActiveCfg = Release|Any CPU
		{3D019F77-BA8C-409B-92F6-77C15F301DE0}.Release|Any CPU.Build.0 = Release|Any CPU
		{52B9A692-CA31-4741-B625-38AFB0120F29}.Debug|Any CPU.ActiveCfg = Debug|Any CPU
		{52B9A692-CA31-4741-B625-38AFB0120F29}.Debug|Any CPU.Build.0 = Debug|Any CPU
		{52B9A692-CA31-4741-B625-38AFB0120F29}.Release|Any CPU.ActiveCfg = Release|Any CPU
		{52B9A692-CA31-4741-B625-38AFB0120F29}.Release|Any CPU.Build.0 = Release|Any CPU
		{DF1AFBAF-11E6-40F0-96D5-A1CBF238810D}.Debug|Any CPU.ActiveCfg = Debug|Any CPU
		{DF1AFBAF-11E6-40F0-96D5-A1CBF238810D}.Debug|Any CPU.Build.0 = Debug|Any CPU
		{DF1AFBAF-11E6-40F0-96D5-A1CBF238810D}.Release|Any CPU.ActiveCfg = Release|Any CPU
		{DF1AFBAF-11E6-40F0-96D5-A1CBF238810D}.Release|Any CPU.Build.0 = Release|Any CPU
		{65B35640-1732-4A08-ACDF-1475F5C049F8}.Debug|Any CPU.ActiveCfg = Debug|Any CPU
		{65B35640-1732-4A08-ACDF-1475F5C049F8}.Debug|Any CPU.Build.0 = Debug|Any CPU
		{65B35640-1732-4A08-ACDF-1475F5C049F8}.Release|Any CPU.ActiveCfg = Release|Any CPU
		{65B35640-1732-4A08-ACDF-1475F5C049F8}.Release|Any CPU.Build.0 = Release|Any CPU
		{61D05534-3934-4E90-91E7-6C4040290CBD}.Debug|Any CPU.ActiveCfg = Debug|Any CPU
		{61D05534-3934-4E90-91E7-6C4040290CBD}.Debug|Any CPU.Build.0 = Debug|Any CPU
		{61D05534-3934-4E90-91E7-6C4040290CBD}.Release|Any CPU.ActiveCfg = Release|Any CPU
		{61D05534-3934-4E90-91E7-6C4040290CBD}.Release|Any CPU.Build.0 = Release|Any CPU
		{9C1E003A-29DE-41B8-9F4E-70C6A791666B}.Debug|Any CPU.ActiveCfg = Debug|Any CPU
		{9C1E003A-29DE-41B8-9F4E-70C6A791666B}.Debug|Any CPU.Build.0 = Debug|Any CPU
		{9C1E003A-29DE-41B8-9F4E-70C6A791666B}.Release|Any CPU.ActiveCfg = Release|Any CPU
		{9C1E003A-29DE-41B8-9F4E-70C6A791666B}.Release|Any CPU.Build.0 = Release|Any CPU
	EndGlobalSection
	GlobalSection(SolutionProperties) = preSolution
		HideSolutionNode = FALSE
	EndGlobalSection
	GlobalSection(ExtensibilityGlobals) = postSolution
		SolutionGuid = {4E764D4B-B883-49A1-A930-3BBAF4B3548E}
	EndGlobalSection
EndGlobal
