
Microsoft Visual Studio Solution File, Format Version 12.00
# Visual Studio Version 17
VisualStudioVersion = 17.7.34031.279
MinimumVisualStudioVersion = 10.0.40219.1
Project("{9A19103F-16F7-4668-BE54-9A1E7A4F7556}") = "01. Reverse Strings", "01. Reverse Strings\01. Reverse Strings.csproj", "{29479CFF-8E5A-4D04-A826-2265A6615B5D}"
EndProject
Project("{9A19103F-16F7-4668-BE54-9A1E7A4F7556}") = "02. Repeat Strings", "02. Repeat Strings\02. Repeat Strings.csproj", "{4D8EBBA8-950E-4049-9D24-B818C4C8A630}"
EndProject
Project("{9A19103F-16F7-4668-BE54-9A1E7A4F7556}") = "03. Substring", "03. Substring\03. Substring.csproj", "{DCB698A2-DDDB-49A3-955C-DA09F156E3D1}"
EndProject
Project("{9A19103F-16F7-4668-BE54-9A1E7A4F7556}") = "04. Text Filter", "04. Text Filter\04. Text Filter.csproj", "{31B7EE16-AE16-4EFF-BE1D-30BA786F6626}"
EndProject
Project("{FAE04EC0-301F-11D3-BF4B-00C04F79EFBC}") = "05. Digits, Letters and Other", "05. Digits, Letters and Other\05. Digits, Letters and Other.csproj", "{4702257A-19DD-4529-BD21-33AEF4A12405}"
EndProject
Global
	GlobalSection(SolutionConfigurationPlatforms) = preSolution
		Debug|Any CPU = Debug|Any CPU
		Release|Any CPU = Release|Any CPU
	EndGlobalSection
	GlobalSection(ProjectConfigurationPlatforms) = postSolution
		{29479CFF-8E5A-4D04-A826-2265A6615B5D}.Debug|Any CPU.ActiveCfg = Debug|Any CPU
		{29479CFF-8E5A-4D04-A826-2265A6615B5D}.Debug|Any CPU.Build.0 = Debug|Any CPU
		{29479CFF-8E5A-4D04-A826-2265A6615B5D}.Release|Any CPU.ActiveCfg = Release|Any CPU
		{29479CFF-8E5A-4D04-A826-2265A6615B5D}.Release|Any CPU.Build.0 = Release|Any CPU
		{4D8EBBA8-950E-4049-9D24-B818C4C8A630}.Debug|Any CPU.ActiveCfg = Debug|Any CPU
		{4D8EBBA8-950E-4049-9D24-B818C4C8A630}.Debug|Any CPU.Build.0 = Debug|Any CPU
		{4D8EBBA8-950E-4049-9D24-B818C4C8A630}.Release|Any CPU.ActiveCfg = Release|Any CPU
		{4D8EBBA8-950E-4049-9D24-B818C4C8A630}.Release|Any CPU.Build.0 = Release|Any CPU
		{DCB698A2-DDDB-49A3-955C-DA09F156E3D1}.Debug|Any CPU.ActiveCfg = Debug|Any CPU
		{DCB698A2-DDDB-49A3-955C-DA09F156E3D1}.Debug|Any CPU.Build.0 = Debug|Any CPU
		{DCB698A2-DDDB-49A3-955C-DA09F156E3D1}.Release|Any CPU.ActiveCfg = Release|Any CPU
		{DCB698A2-DDDB-49A3-955C-DA09F156E3D1}.Release|Any CPU.Build.0 = Release|Any CPU
		{31B7EE16-AE16-4EFF-BE1D-30BA786F6626}.Debug|Any CPU.ActiveCfg = Debug|Any CPU
		{31B7EE16-AE16-4EFF-BE1D-30BA786F6626}.Debug|Any CPU.Build.0 = Debug|Any CPU
		{31B7EE16-AE16-4EFF-BE1D-30BA786F6626}.Release|Any CPU.ActiveCfg = Release|Any CPU
		{31B7EE16-AE16-4EFF-BE1D-30BA786F6626}.Release|Any CPU.Build.0 = Release|Any CPU
		{4702257A-19DD-4529-BD21-33AEF4A12405}.Debug|Any CPU.ActiveCfg = Debug|Any CPU
		{4702257A-19DD-4529-BD21-33AEF4A12405}.Debug|Any CPU.Build.0 = Debug|Any CPU
		{4702257A-19DD-4529-BD21-33AEF4A12405}.Release|Any CPU.ActiveCfg = Release|Any CPU
		{4702257A-19DD-4529-BD21-33AEF4A12405}.Release|Any CPU.Build.0 = Release|Any CPU
	EndGlobalSection
	GlobalSection(SolutionProperties) = preSolution
		HideSolutionNode = FALSE
	EndGlobalSection
	GlobalSection(ExtensibilityGlobals) = postSolution
		SolutionGuid = {60D177BC-1250-4AAE-AE08-F72360869F2F}
	EndGlobalSection
EndGlobal
