
Microsoft Visual Studio Solution File, Format Version 12.00
# Visual Studio Version 17
VisualStudioVersion = 17.7.34202.233
MinimumVisualStudioVersion = 10.0.40219.1
Project("{FAE04EC0-301F-11D3-BF4B-00C04F79EFBC}") = "01. Unique PIN Codes", "01. Unique PIN Codes\01. Unique PIN Codes.csproj", "{2AABEA9E-B768-4F40-8EA5-32D48E2F4ED3}"
EndProject
Project("{FAE04EC0-301F-11D3-BF4B-00C04F79EFBC}") = "02. Letters Combinations", "02. Letters Combinations\02. Letters Combinations.csproj", "{81FA439B-EFF9-4C63-9C48-DD1ECCE212A7}"
EndProject
Project("{FAE04EC0-301F-11D3-BF4B-00C04F79EFBC}") = "03. Lucky Numbers", "03. Lucky Numbers\03. Lucky Numbers.csproj", "{557CDFB4-995F-411D-9ACD-8DAD90AFBCD8}"
EndProject
Global
	GlobalSection(SolutionConfigurationPlatforms) = preSolution
		Debug|Any CPU = Debug|Any CPU
		Release|Any CPU = Release|Any CPU
	EndGlobalSection
	GlobalSection(ProjectConfigurationPlatforms) = postSolution
		{2AABEA9E-B768-4F40-8EA5-32D48E2F4ED3}.Debug|Any CPU.ActiveCfg = Debug|Any CPU
		{2AABEA9E-B768-4F40-8EA5-32D48E2F4ED3}.Debug|Any CPU.Build.0 = Debug|Any CPU
		{2AABEA9E-B768-4F40-8EA5-32D48E2F4ED3}.Release|Any CPU.ActiveCfg = Release|Any CPU
		{2AABEA9E-B768-4F40-8EA5-32D48E2F4ED3}.Release|Any CPU.Build.0 = Release|Any CPU
		{81FA439B-EFF9-4C63-9C48-DD1ECCE212A7}.Debug|Any CPU.ActiveCfg = Debug|Any CPU
		{81FA439B-EFF9-4C63-9C48-DD1ECCE212A7}.Debug|Any CPU.Build.0 = Debug|Any CPU
		{81FA439B-EFF9-4C63-9C48-DD1ECCE212A7}.Release|Any CPU.ActiveCfg = Release|Any CPU
		{81FA439B-EFF9-4C63-9C48-DD1ECCE212A7}.Release|Any CPU.Build.0 = Release|Any CPU
		{557CDFB4-995F-411D-9ACD-8DAD90AFBCD8}.Debug|Any CPU.ActiveCfg = Debug|Any CPU
		{557CDFB4-995F-411D-9ACD-8DAD90AFBCD8}.Debug|Any CPU.Build.0 = Debug|Any CPU
		{557CDFB4-995F-411D-9ACD-8DAD90AFBCD8}.Release|Any CPU.ActiveCfg = Release|Any CPU
		{557CDFB4-995F-411D-9ACD-8DAD90AFBCD8}.Release|Any CPU.Build.0 = Release|Any CPU
	EndGlobalSection
	GlobalSection(SolutionProperties) = preSolution
		HideSolutionNode = FALSE
	EndGlobalSection
	GlobalSection(ExtensibilityGlobals) = postSolution
		SolutionGuid = {FFB96465-0140-45BF-8491-9210934E63FE}
	EndGlobalSection
EndGlobal
