
Microsoft Visual Studio Solution File, Format Version 12.00
# Visual Studio Version 17
VisualStudioVersion = 17.5.33502.453
MinimumVisualStudioVersion = 10.0.40219.1
Project("{9A19103F-16F7-4668-BE54-9A1E7A4F7556}") = "01. Messaging", "01. Messaging\01. Messaging.csproj", "{038AB00B-61EB-4E03-B836-476B4B6B5F47}"
EndProject
Project("{9A19103F-16F7-4668-BE54-9A1E7A4F7556}") = "02. Car Race", "02. Car Race\02. Car Race.csproj", "{D731C968-0A5E-48BA-B2D2-D22542096B06}"
EndProject
Project("{9A19103F-16F7-4668-BE54-9A1E7A4F7556}") = "03. Take or Skip Rope", "03. Take or Skip Rope\03. Take or Skip Rope.csproj", "{D0C77ABF-79FE-4A64-85A3-DFB873E6F81B}"
EndProject
Project("{FAE04EC0-301F-11D3-BF4B-00C04F79EFBC}") = "04. Mixed up Lists", "04. Mixed up Lists\04. Mixed up Lists.csproj", "{EE636DC6-92C2-40ED-8CEC-F2FCC826C462}"
EndProject
Project("{FAE04EC0-301F-11D3-BF4B-00C04F79EFBC}") = "05. Drum Set", "05. Drum Set\05. Drum Set.csproj", "{436A8429-8438-47DA-A596-6DDBB5540D33}"
EndProject
Global
	GlobalSection(SolutionConfigurationPlatforms) = preSolution
		Debug|Any CPU = Debug|Any CPU
		Release|Any CPU = Release|Any CPU
	EndGlobalSection
	GlobalSection(ProjectConfigurationPlatforms) = postSolution
		{038AB00B-61EB-4E03-B836-476B4B6B5F47}.Debug|Any CPU.ActiveCfg = Debug|Any CPU
		{038AB00B-61EB-4E03-B836-476B4B6B5F47}.Debug|Any CPU.Build.0 = Debug|Any CPU
		{038AB00B-61EB-4E03-B836-476B4B6B5F47}.Release|Any CPU.ActiveCfg = Release|Any CPU
		{038AB00B-61EB-4E03-B836-476B4B6B5F47}.Release|Any CPU.Build.0 = Release|Any CPU
		{D731C968-0A5E-48BA-B2D2-D22542096B06}.Debug|Any CPU.ActiveCfg = Debug|Any CPU
		{D731C968-0A5E-48BA-B2D2-D22542096B06}.Debug|Any CPU.Build.0 = Debug|Any CPU
		{D731C968-0A5E-48BA-B2D2-D22542096B06}.Release|Any CPU.ActiveCfg = Release|Any CPU
		{D731C968-0A5E-48BA-B2D2-D22542096B06}.Release|Any CPU.Build.0 = Release|Any CPU
		{D0C77ABF-79FE-4A64-85A3-DFB873E6F81B}.Debug|Any CPU.ActiveCfg = Debug|Any CPU
		{D0C77ABF-79FE-4A64-85A3-DFB873E6F81B}.Debug|Any CPU.Build.0 = Debug|Any CPU
		{D0C77ABF-79FE-4A64-85A3-DFB873E6F81B}.Release|Any CPU.ActiveCfg = Release|Any CPU
		{D0C77ABF-79FE-4A64-85A3-DFB873E6F81B}.Release|Any CPU.Build.0 = Release|Any CPU
		{EE636DC6-92C2-40ED-8CEC-F2FCC826C462}.Debug|Any CPU.ActiveCfg = Debug|Any CPU
		{EE636DC6-92C2-40ED-8CEC-F2FCC826C462}.Debug|Any CPU.Build.0 = Debug|Any CPU
		{EE636DC6-92C2-40ED-8CEC-F2FCC826C462}.Release|Any CPU.ActiveCfg = Release|Any CPU
		{EE636DC6-92C2-40ED-8CEC-F2FCC826C462}.Release|Any CPU.Build.0 = Release|Any CPU
		{436A8429-8438-47DA-A596-6DDBB5540D33}.Debug|Any CPU.ActiveCfg = Debug|Any CPU
		{436A8429-8438-47DA-A596-6DDBB5540D33}.Debug|Any CPU.Build.0 = Debug|Any CPU
		{436A8429-8438-47DA-A596-6DDBB5540D33}.Release|Any CPU.ActiveCfg = Release|Any CPU
		{436A8429-8438-47DA-A596-6DDBB5540D33}.Release|Any CPU.Build.0 = Release|Any CPU
	EndGlobalSection
	GlobalSection(SolutionProperties) = preSolution
		HideSolutionNode = FALSE
	EndGlobalSection
	GlobalSection(ExtensibilityGlobals) = postSolution
		SolutionGuid = {EFEEE5AC-6184-4290-8FFE-642F13522B38}
	EndGlobalSection
EndGlobal
