
Microsoft Visual Studio Solution File, Format Version 12.00
# Visual Studio Version 17
VisualStudioVersion = 17.7.34202.233
MinimumVisualStudioVersion = 10.0.40219.1
Project("{9A19103F-16F7-4668-BE54-9A1E7A4F7556}") = "01. Password Reset", "01. Password Reset\01. Password Reset.csproj", "{42BE9DA4-A955-4FB9-96BC-A46CE6942BDC}"
EndProject
Project("{9A19103F-16F7-4668-BE54-9A1E7A4F7556}") = "02. Fancy Barcodes", "02. Fancy Barcodes\02. Fancy Barcodes.csproj", "{C10672E2-A2A2-4DD8-9F49-EE8647435B4A}"
EndProject
Project("{FAE04EC0-301F-11D3-BF4B-00C04F79EFBC}") = "03. Heroes of Code and Logic VII", "03. Heroes of Code and Logic VII\03. Heroes of Code and Logic VII.csproj", "{CA8A897C-699A-4F83-A638-8E7F0C99DF0C}"
EndProject
Global
	GlobalSection(SolutionConfigurationPlatforms) = preSolution
		Debug|Any CPU = Debug|Any CPU
		Release|Any CPU = Release|Any CPU
	EndGlobalSection
	GlobalSection(ProjectConfigurationPlatforms) = postSolution
		{42BE9DA4-A955-4FB9-96BC-A46CE6942BDC}.Debug|Any CPU.ActiveCfg = Debug|Any CPU
		{42BE9DA4-A955-4FB9-96BC-A46CE6942BDC}.Debug|Any CPU.Build.0 = Debug|Any CPU
		{42BE9DA4-A955-4FB9-96BC-A46CE6942BDC}.Release|Any CPU.ActiveCfg = Release|Any CPU
		{42BE9DA4-A955-4FB9-96BC-A46CE6942BDC}.Release|Any CPU.Build.0 = Release|Any CPU
		{C10672E2-A2A2-4DD8-9F49-EE8647435B4A}.Debug|Any CPU.ActiveCfg = Debug|Any CPU
		{C10672E2-A2A2-4DD8-9F49-EE8647435B4A}.Debug|Any CPU.Build.0 = Debug|Any CPU
		{C10672E2-A2A2-4DD8-9F49-EE8647435B4A}.Release|Any CPU.ActiveCfg = Release|Any CPU
		{C10672E2-A2A2-4DD8-9F49-EE8647435B4A}.Release|Any CPU.Build.0 = Release|Any CPU
		{CA8A897C-699A-4F83-A638-8E7F0C99DF0C}.Debug|Any CPU.ActiveCfg = Debug|Any CPU
		{CA8A897C-699A-4F83-A638-8E7F0C99DF0C}.Debug|Any CPU.Build.0 = Debug|Any CPU
		{CA8A897C-699A-4F83-A638-8E7F0C99DF0C}.Release|Any CPU.ActiveCfg = Release|Any CPU
		{CA8A897C-699A-4F83-A638-8E7F0C99DF0C}.Release|Any CPU.Build.0 = Release|Any CPU
	EndGlobalSection
	GlobalSection(SolutionProperties) = preSolution
		HideSolutionNode = FALSE
	EndGlobalSection
	GlobalSection(ExtensibilityGlobals) = postSolution
		SolutionGuid = {B0ED2D49-97F8-442F-8F81-2A4B6A8B6DD3}
	EndGlobalSection
EndGlobal
