
Microsoft Visual Studio Solution File, Format Version 12.00
# Visual Studio Version 17
VisualStudioVersion = 17.8.34322.80
MinimumVisualStudioVersion = 10.0.40219.1
Project("{9A19103F-16F7-4668-BE54-9A1E7A4F7556}") = "01. Worms And Holes", "01. Worms And Holes\01. Worms And Holes.csproj", "{D576319C-C5C7-4D39-B50F-FE5968B6D2F2}"
EndProject
Project("{9A19103F-16F7-4668-BE54-9A1E7A4F7556}") = "02. The Gambler", "02. The Gambler\02. The Gambler.csproj", "{9C2ED323-E64C-468A-819C-FDC8C071030C}"
EndProject
Project("{FAE04EC0-301F-11D3-BF4B-00C04F79EFBC}") = "03. Groceries Management", "03. Groceries Management\03. Groceries Management.csproj", "{7883C4D5-8D60-40BC-9E5B-358462CEC3F5}"
EndProject
Global
	GlobalSection(SolutionConfigurationPlatforms) = preSolution
		Debug|Any CPU = Debug|Any CPU
		Release|Any CPU = Release|Any CPU
	EndGlobalSection
	GlobalSection(ProjectConfigurationPlatforms) = postSolution
		{D576319C-C5C7-4D39-B50F-FE5968B6D2F2}.Debug|Any CPU.ActiveCfg = Debug|Any CPU
		{D576319C-C5C7-4D39-B50F-FE5968B6D2F2}.Debug|Any CPU.Build.0 = Debug|Any CPU
		{D576319C-C5C7-4D39-B50F-FE5968B6D2F2}.Release|Any CPU.ActiveCfg = Release|Any CPU
		{D576319C-C5C7-4D39-B50F-FE5968B6D2F2}.Release|Any CPU.Build.0 = Release|Any CPU
		{9C2ED323-E64C-468A-819C-FDC8C071030C}.Debug|Any CPU.ActiveCfg = Debug|Any CPU
		{9C2ED323-E64C-468A-819C-FDC8C071030C}.Debug|Any CPU.Build.0 = Debug|Any CPU
		{9C2ED323-E64C-468A-819C-FDC8C071030C}.Release|Any CPU.ActiveCfg = Release|Any CPU
		{9C2ED323-E64C-468A-819C-FDC8C071030C}.Release|Any CPU.Build.0 = Release|Any CPU
		{7883C4D5-8D60-40BC-9E5B-358462CEC3F5}.Debug|Any CPU.ActiveCfg = Debug|Any CPU
		{7883C4D5-8D60-40BC-9E5B-358462CEC3F5}.Debug|Any CPU.Build.0 = Debug|Any CPU
		{7883C4D5-8D60-40BC-9E5B-358462CEC3F5}.Release|Any CPU.ActiveCfg = Release|Any CPU
		{7883C4D5-8D60-40BC-9E5B-358462CEC3F5}.Release|Any CPU.Build.0 = Release|Any CPU
	EndGlobalSection
	GlobalSection(SolutionProperties) = preSolution
		HideSolutionNode = FALSE
	EndGlobalSection
	GlobalSection(ExtensibilityGlobals) = postSolution
		SolutionGuid = {097F8E28-F722-41E8-B342-483E219168F3}
	EndGlobalSection
EndGlobal
